
Microsoft Visual Studio Solution File, Format Version 12.00
# Visual Studio 15
VisualStudioVersion = 15.0.28307.329
MinimumVisualStudioVersion = 10.0.40219.1
Project("{FAE04EC0-301F-11D3-BF4B-00C04F79EFBC}") = "PrimeiroAspTcc", "PrimeiroAspTcc\PrimeiroAspTcc.csproj", "{AAD44649-3671-459C-B6EF-8F79BCAEB926}"
EndProject
Global
	GlobalSection(SolutionConfigurationPlatforms) = preSolution
		Debug|Any CPU = Debug|Any CPU
		Release|Any CPU = Release|Any CPU
	EndGlobalSection
	GlobalSection(ProjectConfigurationPlatforms) = postSolution
		{AAD44649-3671-459C-B6EF-8F79BCAEB926}.Debug|Any CPU.ActiveCfg = Debug|Any CPU
		{AAD44649-3671-459C-B6EF-8F79BCAEB926}.Debug|Any CPU.Build.0 = Debug|Any CPU
		{AAD44649-3671-459C-B6EF-8F79BCAEB926}.Release|Any CPU.ActiveCfg = Release|Any CPU
		{AAD44649-3671-459C-B6EF-8F79BCAEB926}.Release|Any CPU.Build.0 = Release|Any CPU
	EndGlobalSection
	GlobalSection(SolutionProperties) = preSolution
		HideSolutionNode = FALSE
	EndGlobalSection
	GlobalSection(ExtensibilityGlobals) = postSolution
		SolutionGuid = {30A8B67F-2EE7-4D2C-A956-77DF73807A25}
	EndGlobalSection
EndGlobal
